
Microsoft Visual Studio Solution File, Format Version 12.00
# Visual Studio Version 17
VisualStudioVersion = 17.2.32602.215
MinimumVisualStudioVersion = 10.0.40219.1
Project("{FAE04EC0-301F-11D3-BF4B-00C04F79EFBC}") = "FamilyBoutAPI", "FamilyBoutAPI\FamilyBoutAPI.csproj", "{FC695D1B-9DA8-4C50-AA32-3BCDBA5FA9E9}"
EndProject
Global
	GlobalSection(SolutionConfigurationPlatforms) = preSolution
		Debug|Any CPU = Debug|Any CPU
		Release|Any CPU = Release|Any CPU
	EndGlobalSection
	GlobalSection(ProjectConfigurationPlatforms) = postSolution
		{FC695D1B-9DA8-4C50-AA32-3BCDBA5FA9E9}.Debug|Any CPU.ActiveCfg = Debug|Any CPU
		{FC695D1B-9DA8-4C50-AA32-3BCDBA5FA9E9}.Debug|Any CPU.Build.0 = Debug|Any CPU
		{FC695D1B-9DA8-4C50-AA32-3BCDBA5FA9E9}.Release|Any CPU.ActiveCfg = Release|Any CPU
		{FC695D1B-9DA8-4C50-AA32-3BCDBA5FA9E9}.Release|Any CPU.Build.0 = Release|Any CPU
	EndGlobalSection
	GlobalSection(SolutionProperties) = preSolution
		HideSolutionNode = FALSE
	EndGlobalSection
	GlobalSection(ExtensibilityGlobals) = postSolution
		SolutionGuid = {6BD6438C-6F7F-4072-8208-9380F2E22E62}
	EndGlobalSection
EndGlobal
